
Microsoft Visual Studio Solution File, Format Version 12.00
# Visual Studio Version 17
VisualStudioVersion = 17.8.34330.188
MinimumVisualStudioVersion = 10.0.40219.1
Project("{FAE04EC0-301F-11D3-BF4B-00C04F79EFBC}") = "HShop", "HShop.csproj", "{F52DACDD-0C97-41A7-B54A-167D1A88FE3D}"
EndProject
Global
	GlobalSection(SolutionConfigurationPlatforms) = preSolution
		Debug|Any CPU = Debug|Any CPU
		Release|Any CPU = Release|Any CPU
	EndGlobalSection
	GlobalSection(ProjectConfigurationPlatforms) = postSolution
		{F52DACDD-0C97-41A7-B54A-167D1A88FE3D}.Debug|Any CPU.ActiveCfg = Debug|Any CPU
		{F52DACDD-0C97-41A7-B54A-167D1A88FE3D}.Debug|Any CPU.Build.0 = Debug|Any CPU
		{F52DACDD-0C97-41A7-B54A-167D1A88FE3D}.Release|Any CPU.ActiveCfg = Release|Any CPU
		{F52DACDD-0C97-41A7-B54A-167D1A88FE3D}.Release|Any CPU.Build.0 = Release|Any CPU
	EndGlobalSection
	GlobalSection(SolutionProperties) = preSolution
		HideSolutionNode = FALSE
	EndGlobalSection
	GlobalSection(ExtensibilityGlobals) = postSolution
		SolutionGuid = {E565D0E2-7F5E-4FF5-9DFF-2FCFEB92496B}
	EndGlobalSection
EndGlobal
